{
  "name": "fobiya-04-06",
  "version": "1.0.0",
  "lockfileVersion": 3,
  "requires": true,
  "packages": {
    "": {
      "name": "fobiya-04-06",
      "version": "1.0.0",
      "dependencies": {
        "@fontsource/balsamiq-sans": "^5.3.0",
        "playwright-core": "^1.63.0"
      }
    },
    "node_modules/@fontsource/balsamiq-sans": {
      "version": "5.3.0",
      "resolved": "https://registry.npmjs.org/@fontsource/balsamiq-sans/-/balsamiq-sans-5.3.0.tgz",
      "integrity": "sha512-ofkLqr8IH+TVP3q385lkonHo5yrbn59jbax9sEknRcwpxP/yX+gDd+hufeGw3fcIaRVWDN2TdhTMFCjdvw8utA==",
      "license": "OFL-1.1",
      "funding": {
        "url": "https://github.com/sponsors/ayuhito"
      }
    },
    "node_modules/playwright-core": {
      "version": "1.63.0",
      "resolved": "https://registry.npmjs.org/playwright-core/-/playwright-core-1.63.0.tgz",
      "integrity": "sha512-rYCsBF/M5HjUch52bbtVONEFjv6Xu8sm8h72dNlR5bzIE1fvC/bxgspzkjSfU+MweEMmPM8KJebG6nnyxo5mCg==",
      "license": "Apache-2.0",
      "bin": {
        "playwright-core": "cli.js"
      },
      "engines": {
        "node": ">=20"
      }
    }
  }
}
