{
  "name": "gappo-android",
  "lockfileVersion": 3,
  "requires": true,
  "packages": {
    "": {
      "name": "gappo-android",
      "dependencies": {
        "@fontsource/nunito": "5.2.7",
        "@fontsource/unbounded": "5.2.7"
      }
    },
    "node_modules/@fontsource/nunito": {
      "version": "5.2.7",
      "resolved": "https://registry.npmjs.org/@fontsource/nunito/-/nunito-5.2.7.tgz",
      "integrity": "sha512-pmtBq0H9ex9nk+RtJYEJOD9pag393iHETnl/PVKleF4i06cd0ttngK5ZCTgYb5eOqR3Xdlrjtev8m7bmgYprew==",
      "license": "OFL-1.1",
      "funding": {
        "url": "https://github.com/sponsors/ayuhito"
      }
    },
    "node_modules/@fontsource/unbounded": {
      "version": "5.2.7",
      "resolved": "https://registry.npmjs.org/@fontsource/unbounded/-/unbounded-5.2.7.tgz",
      "integrity": "sha512-76FsCMoIBVBQxr8YPs1qXUq0XH+2QljKR0I473n+pC+Z4GMVv+G/rYMyaizYo5X8wSxTIOQl2O8Cmv0R2h9Gpg==",
      "license": "OFL-1.1",
      "funding": {
        "url": "https://github.com/sponsors/ayuhito"
      }
    }
  }
}
